
Microsoft Visual Studio Solution File, Format Version 11.00
# Visual Studio 2010
Project("{FAE04EC0-301F-11D3-BF4B-00C04F79EFBC}") = "ComputerGamesRUS.Game", "GroupA_TicTacToe\ComputerGamesRUS.Game.csproj", "{A0185424-333F-48E2-A8F4-9BDC563FC22A}"
EndProject
Project("{2150E333-8FDC-42A3-9474-1A3956D46DE8}") = "Solution Items", "Solution Items", "{17027CC7-288E-4287-8273-D5BAAF778862}"
	ProjectSection(SolutionItems) = preProject
		GroupA_TicTacToe.vsmdi = GroupA_TicTacToe.vsmdi
		Local.testsettings = Local.testsettings
		TraceAndTestImpact.testsettings = TraceAndTestImpact.testsettings
	EndProjectSection
EndProject
Project("{FAE04EC0-301F-11D3-BF4B-00C04F79EFBC}") = "Tic_Tac_Toe_Forever_Test", "Tic_Tac_Toe_Forever_Test\Tic_Tac_Toe_Forever_Test.csproj", "{81419486-E1A7-4D74-AF62-61D8AC2697BA}"
EndProject
Global
	GlobalSection(TestCaseManagementSettings) = postSolution
		CategoryFile = GroupA_TicTacToe.vsmdi
	EndGlobalSection
	GlobalSection(SolutionConfigurationPlatforms) = preSolution
		Debug|Any CPU = Debug|Any CPU
		Debug|Mixed Platforms = Debug|Mixed Platforms
		Debug|x86 = Debug|x86
		Release|Any CPU = Release|Any CPU
		Release|Mixed Platforms = Release|Mixed Platforms
		Release|x86 = Release|x86
	EndGlobalSection
	GlobalSection(ProjectConfigurationPlatforms) = postSolution
		{A0185424-333F-48E2-A8F4-9BDC563FC22A}.Debug|Any CPU.ActiveCfg = Debug|x86
		{A0185424-333F-48E2-A8F4-9BDC563FC22A}.Debug|Mixed Platforms.ActiveCfg = Debug|x86
		{A0185424-333F-48E2-A8F4-9BDC563FC22A}.Debug|Mixed Platforms.Build.0 = Debug|x86
		{A0185424-333F-48E2-A8F4-9BDC563FC22A}.Debug|x86.ActiveCfg = Debug|x86
		{A0185424-333F-48E2-A8F4-9BDC563FC22A}.Debug|x86.Build.0 = Debug|x86
		{A0185424-333F-48E2-A8F4-9BDC563FC22A}.Release|Any CPU.ActiveCfg = Release|x86
		{A0185424-333F-48E2-A8F4-9BDC563FC22A}.Release|Mixed Platforms.ActiveCfg = Release|x86
		{A0185424-333F-48E2-A8F4-9BDC563FC22A}.Release|Mixed Platforms.Build.0 = Release|x86
		{A0185424-333F-48E2-A8F4-9BDC563FC22A}.Release|x86.ActiveCfg = Release|x86
		{A0185424-333F-48E2-A8F4-9BDC563FC22A}.Release|x86.Build.0 = Release|x86
		{81419486-E1A7-4D74-AF62-61D8AC2697BA}.Debug|Any CPU.ActiveCfg = Debug|Any CPU
		{81419486-E1A7-4D74-AF62-61D8AC2697BA}.Debug|Any CPU.Build.0 = Debug|Any CPU
		{81419486-E1A7-4D74-AF62-61D8AC2697BA}.Debug|Mixed Platforms.ActiveCfg = Debug|Any CPU
		{81419486-E1A7-4D74-AF62-61D8AC2697BA}.Debug|Mixed Platforms.Build.0 = Debug|Any CPU
		{81419486-E1A7-4D74-AF62-61D8AC2697BA}.Debug|x86.ActiveCfg = Debug|Any CPU
		{81419486-E1A7-4D74-AF62-61D8AC2697BA}.Release|Any CPU.ActiveCfg = Release|Any CPU
		{81419486-E1A7-4D74-AF62-61D8AC2697BA}.Release|Any CPU.Build.0 = Release|Any CPU
		{81419486-E1A7-4D74-AF62-61D8AC2697BA}.Release|Mixed Platforms.ActiveCfg = Release|Any CPU
		{81419486-E1A7-4D74-AF62-61D8AC2697BA}.Release|Mixed Platforms.Build.0 = Release|Any CPU
		{81419486-E1A7-4D74-AF62-61D8AC2697BA}.Release|x86.ActiveCfg = Release|Any CPU
	EndGlobalSection
	GlobalSection(SolutionProperties) = preSolution
		HideSolutionNode = FALSE
	EndGlobalSection
EndGlobal
